
Microsoft Visual Studio Solution File, Format Version 12.00
# Visual Studio Version 17
VisualStudioVersion = 17.6.33829.357
MinimumVisualStudioVersion = 10.0.40219.1
Project("{FAE04EC0-301F-11D3-BF4B-00C04F79EFBC}") = "Circles Lab", "Circles Lab\Circles Lab.csproj", "{661CC8B9-3699-4147-A027-5450B2953821}"
EndProject
Global
	GlobalSection(SolutionConfigurationPlatforms) = preSolution
		Debug|Any CPU = Debug|Any CPU
		Release|Any CPU = Release|Any CPU
	EndGlobalSection
	GlobalSection(ProjectConfigurationPlatforms) = postSolution
		{661CC8B9-3699-4147-A027-5450B2953821}.Debug|Any CPU.ActiveCfg = Debug|Any CPU
		{661CC8B9-3699-4147-A027-5450B2953821}.Debug|Any CPU.Build.0 = Debug|Any CPU
		{661CC8B9-3699-4147-A027-5450B2953821}.Release|Any CPU.ActiveCfg = Release|Any CPU
		{661CC8B9-3699-4147-A027-5450B2953821}.Release|Any CPU.Build.0 = Release|Any CPU
	EndGlobalSection
	GlobalSection(SolutionProperties) = preSolution
		HideSolutionNode = FALSE
	EndGlobalSection
	GlobalSection(ExtensibilityGlobals) = postSolution
		SolutionGuid = {3284BF0A-187C-4719-984B-278D6AC5D09D}
	EndGlobalSection
EndGlobal
